// !$*UTF8*$!
{
	archiveVersion = 1;
	classes = {
	};
	objectVersion = 46;
	objects = {

/* Begin PBXBuildFile section */
		D529F9041AF9A3170093D762 /* StandardSpawnBulletEffect.swift in Sources */ = {isa = PBXBuildFile; fileRef = D529F9031AF9A3170093D762 /* StandardSpawnBulletEffect.swift */; };
		D532F3481AF13FEA0091661E /* TitleScene.swift in Sources */ = {isa = PBXBuildFile; fileRef = D532F3471AF13FEA0091661E /* TitleScene.swift */; };
		D532F34C1AF146890091661E /* titleImage.png in Resources */ = {isa = PBXBuildFile; fileRef = D532F34B1AF146890091661E /* titleImage.png */; };
		D532F3501AF25C450091661E /* ShopScene.swift in Sources */ = {isa = PBXBuildFile; fileRef = D532F34F1AF25C450091661E /* ShopScene.swift */; };
		D5404A291AEFE61800F46270 /* AppDelegate.swift in Sources */ = {isa = PBXBuildFile; fileRef = D5404A281AEFE61800F46270 /* AppDelegate.swift */; };
		D5404A2D1AEFE61800F46270 /* GameScene.swift in Sources */ = {isa = PBXBuildFile; fileRef = D5404A2C1AEFE61800F46270 /* GameScene.swift */; };
		D5404A2F1AEFE61800F46270 /* GameViewController.swift in Sources */ = {isa = PBXBuildFile; fileRef = D5404A2E1AEFE61800F46270 /* GameViewController.swift */; };
		D5404A321AEFE61800F46270 /* Main.storyboard in Resources */ = {isa = PBXBuildFile; fileRef = D5404A301AEFE61800F46270 /* Main.storyboard */; };
		D5404A341AEFE61800F46270 /* Images.xcassets in Resources */ = {isa = PBXBuildFile; fileRef = D5404A331AEFE61800F46270 /* Images.xcassets */; };
		D5404A371AEFE61800F46270 /* LaunchScreen.xib in Resources */ = {isa = PBXBuildFile; fileRef = D5404A351AEFE61800F46270 /* LaunchScreen.xib */; };
		D5404A431AEFE61800F46270 /* BulletThiefTests.swift in Sources */ = {isa = PBXBuildFile; fileRef = D5404A421AEFE61800F46270 /* BulletThiefTests.swift */; };
		D5404A561AEFE68B00F46270 /* Bullet.swift in Sources */ = {isa = PBXBuildFile; fileRef = D5404A4C1AEFE68B00F46270 /* Bullet.swift */; };
		D5404A571AEFE68B00F46270 /* Gun.swift in Sources */ = {isa = PBXBuildFile; fileRef = D5404A4D1AEFE68B00F46270 /* Gun.swift */; };
		D5404A581AEFE68B00F46270 /* HudController.swift in Sources */ = {isa = PBXBuildFile; fileRef = D5404A4E1AEFE68B00F46270 /* HudController.swift */; };
		D5404A591AEFE68B00F46270 /* leftArrow.png in Resources */ = {isa = PBXBuildFile; fileRef = D5404A4F1AEFE68B00F46270 /* leftArrow.png */; };
		D5404A5A1AEFE68B00F46270 /* player.png in Resources */ = {isa = PBXBuildFile; fileRef = D5404A501AEFE68B00F46270 /* player.png */; };
		D5404A5B1AEFE68B00F46270 /* Player.swift in Sources */ = {isa = PBXBuildFile; fileRef = D5404A511AEFE68B00F46270 /* Player.swift */; };
		D5404A5C1AEFE68B00F46270 /* PlayerData.swift in Sources */ = {isa = PBXBuildFile; fileRef = D5404A521AEFE68B00F46270 /* PlayerData.swift */; };
		D5404A5D1AEFE68B00F46270 /* rightArrow.png in Resources */ = {isa = PBXBuildFile; fileRef = D5404A531AEFE68B00F46270 /* rightArrow.png */; };
		D5404A5E1AEFE68B00F46270 /* shootBtn.png in Resources */ = {isa = PBXBuildFile; fileRef = D5404A541AEFE68B00F46270 /* shootBtn.png */; };
		D5404A5F1AEFE68B00F46270 /* Utilities.swift in Sources */ = {isa = PBXBuildFile; fileRef = D5404A551AEFE68B00F46270 /* Utilities.swift */; };
		D5814CCD1AF6CA7900749B49 /* TapController.swift in Sources */ = {isa = PBXBuildFile; fileRef = D5814CCC1AF6CA7900749B49 /* TapController.swift */; };
		D5814CD01AF70CF800749B49 /* BulletEffectProtocol.swift in Sources */ = {isa = PBXBuildFile; fileRef = D5814CCF1AF70CF800749B49 /* BulletEffectProtocol.swift */; };
		D5814CD21AF70F6F00749B49 /* SplitBulletEffect.swift in Sources */ = {isa = PBXBuildFile; fileRef = D5814CD11AF70F6F00749B49 /* SplitBulletEffect.swift */; };
		D58D080C1AF8551A00E31640 /* LinePathBulletEffect.swift in Sources */ = {isa = PBXBuildFile; fileRef = D58D080B1AF8551A00E31640 /* LinePathBulletEffect.swift */; };
		D5C79BC71AF71E07004D2E0F /* pelletBullet.png in Resources */ = {isa = PBXBuildFile; fileRef = D5C79BC61AF71E07004D2E0F /* pelletBullet.png */; };
		D5C79BC91AF72034004D2E0F /* BulletManager.swift in Sources */ = {isa = PBXBuildFile; fileRef = D5C79BC81AF72034004D2E0F /* BulletManager.swift */; };
		D5D34A021AFAF6EF001458FF /* Enemy.swift in Sources */ = {isa = PBXBuildFile; fileRef = D5D34A011AFAF6EF001458FF /* Enemy.swift */; };
		D5D34A071AFAFA1C001458FF /* enemy.png in Resources */ = {isa = PBXBuildFile; fileRef = D5D34A061AFAFA1C001458FF /* enemy.png */; };
		D5D34A091AFAFDDB001458FF /* lineBullet.png in Resources */ = {isa = PBXBuildFile; fileRef = D5D34A081AFAFDDB001458FF /* lineBullet.png */; };
		D5E7D0331AF7267F00F67B66 /* TextureBulletEffect.swift in Sources */ = {isa = PBXBuildFile; fileRef = D5E7D0321AF7267F00F67B66 /* TextureBulletEffect.swift */; };
		D5E7D0351AF72B0E00F67B66 /* FireDelayBulletEffect.swift in Sources */ = {isa = PBXBuildFile; fileRef = D5E7D0341AF72B0E00F67B66 /* FireDelayBulletEffect.swift */; };
		D5E7D0371AF72D0700F67B66 /* SpeedBulletEffect.swift in Sources */ = {isa = PBXBuildFile; fileRef = D5E7D0361AF72D0700F67B66 /* SpeedBulletEffect.swift */; };
		D5F774761AF69F3700EA2480 /* BattleScene.sks in Resources */ = {isa = PBXBuildFile; fileRef = D5F774751AF69F3700EA2480 /* BattleScene.sks */; };
/* End PBXBuildFile section */

/* Begin PBXContainerItemProxy section */
		D5404A3D1AEFE61800F46270 /* PBXContainerItemProxy */ = {
			isa = PBXContainerItemProxy;
			containerPortal = D5404A1B1AEFE61800F46270 /* Project object */;
			proxyType = 1;
			remoteGlobalIDString = D5404A221AEFE61800F46270;
			remoteInfo = BulletThief;
		};
/* End PBXContainerItemProxy section */

/* Begin PBXFileReference section */
		D529F9031AF9A3170093D762 /* StandardSpawnBulletEffect.swift */ = {isa = PBXFileReference; fileEncoding = 4; lastKnownFileType = sourcecode.swift; path = StandardSpawnBulletEffect.swift; sourceTree = "<group>"; };
		D532F3471AF13FEA0091661E /* TitleScene.swift */ = {isa = PBXFileReference; fileEncoding = 4; lastKnownFileType = sourcecode.swift; path = TitleScene.swift; sourceTree = "<group>"; };
		D532F34B1AF146890091661E /* titleImage.png */ = {isa = PBXFileReference; lastKnownFileType = image.png; path = titleImage.png; sourceTree = "<group>"; };
		D532F34F1AF25C450091661E /* ShopScene.swift */ = {isa = PBXFileReference; fileEncoding = 4; lastKnownFileType = sourcecode.swift; path = ShopScene.swift; sourceTree = "<group>"; };
		D5404A231AEFE61800F46270 /* BulletThief.app */ = {isa = PBXFileReference; explicitFileType = wrapper.application; includeInIndex = 0; path = BulletThief.app; sourceTree = BUILT_PRODUCTS_DIR; };
		D5404A271AEFE61800F46270 /* Info.plist */ = {isa = PBXFileReference; lastKnownFileType = text.plist.xml; path = Info.plist; sourceTree = "<group>"; };
		D5404A281AEFE61800F46270 /* AppDelegate.swift */ = {isa = PBXFileReference; lastKnownFileType = sourcecode.swift; path = AppDelegate.swift; sourceTree = "<group>"; };
		D5404A2C1AEFE61800F46270 /* GameScene.swift */ = {isa = PBXFileReference; lastKnownFileType = sourcecode.swift; path = GameScene.swift; sourceTree = "<group>"; };
		D5404A2E1AEFE61800F46270 /* GameViewController.swift */ = {isa = PBXFileReference; lastKnownFileType = sourcecode.swift; path = GameViewController.swift; sourceTree = "<group>"; };
		D5404A311AEFE61800F46270 /* Base */ = {isa = PBXFileReference; lastKnownFileType = file.storyboard; name = Base; path = Base.lproj/Main.storyboard; sourceTree = "<group>"; };
		D5404A331AEFE61800F46270 /* Images.xcassets */ = {isa = PBXFileReference; lastKnownFileType = folder.assetcatalog; path = Images.xcassets; sourceTree = "<group>"; };
		D5404A361AEFE61800F46270 /* Base */ = {isa = PBXFileReference; lastKnownFileType = file.xib; name = Base; path = Base.lproj/LaunchScreen.xib; sourceTree = "<group>"; };
		D5404A3C1AEFE61800F46270 /* BulletThiefTests.xctest */ = {isa = PBXFileReference; explicitFileType = wrapper.cfbundle; includeInIndex = 0; path = BulletThiefTests.xctest; sourceTree = BUILT_PRODUCTS_DIR; };
		D5404A411AEFE61800F46270 /* Info.plist */ = {isa = PBXFileReference; lastKnownFileType = text.plist.xml; path = Info.plist; sourceTree = "<group>"; };
		D5404A421AEFE61800F46270 /* BulletThiefTests.swift */ = {isa = PBXFileReference; lastKnownFileType = sourcecode.swift; path = BulletThiefTests.swift; sourceTree = "<group>"; };
		D5404A4C1AEFE68B00F46270 /* Bullet.swift */ = {isa = PBXFileReference; fileEncoding = 4; lastKnownFileType = sourcecode.swift; path = Bullet.swift; sourceTree = "<group>"; };
		D5404A4D1AEFE68B00F46270 /* Gun.swift */ = {isa = PBXFileReference; fileEncoding = 4; lastKnownFileType = sourcecode.swift; path = Gun.swift; sourceTree = "<group>"; };
		D5404A4E1AEFE68B00F46270 /* HudController.swift */ = {isa = PBXFileReference; fileEncoding = 4; lastKnownFileType = sourcecode.swift; path = HudController.swift; sourceTree = "<group>"; };
		D5404A4F1AEFE68B00F46270 /* leftArrow.png */ = {isa = PBXFileReference; lastKnownFileType = image.png; path = leftArrow.png; sourceTree = "<group>"; };
		D5404A501AEFE68B00F46270 /* player.png */ = {isa = PBXFileReference; lastKnownFileType = image.png; path = player.png; sourceTree = "<group>"; };
		D5404A511AEFE68B00F46270 /* Player.swift */ = {isa = PBXFileReference; fileEncoding = 4; lastKnownFileType = sourcecode.swift; path = Player.swift; sourceTree = "<group>"; };
		D5404A521AEFE68B00F46270 /* PlayerData.swift */ = {isa = PBXFileReference; fileEncoding = 4; lastKnownFileType = sourcecode.swift; path = PlayerData.swift; sourceTree = "<group>"; };
		D5404A531AEFE68B00F46270 /* rightArrow.png */ = {isa = PBXFileReference; lastKnownFileType = image.png; path = rightArrow.png; sourceTree = "<group>"; };
		D5404A541AEFE68B00F46270 /* shootBtn.png */ = {isa = PBXFileReference; lastKnownFileType = image.png; path = shootBtn.png; sourceTree = "<group>"; };
		D5404A551AEFE68B00F46270 /* Utilities.swift */ = {isa = PBXFileReference; fileEncoding = 4; lastKnownFileType = sourcecode.swift; path = Utilities.swift; sourceTree = "<group>"; };
		D5814CCC1AF6CA7900749B49 /* TapController.swift */ = {isa = PBXFileReference; fileEncoding = 4; lastKnownFileType = sourcecode.swift; path = TapController.swift; sourceTree = "<group>"; };
		D5814CCF1AF70CF800749B49 /* BulletEffectProtocol.swift */ = {isa = PBXFileReference; fileEncoding = 4; lastKnownFileType = sourcecode.swift; path = BulletEffectProtocol.swift; sourceTree = "<group>"; };
		D5814CD11AF70F6F00749B49 /* SplitBulletEffect.swift */ = {isa = PBXFileReference; fileEncoding = 4; lastKnownFileType = sourcecode.swift; path = SplitBulletEffect.swift; sourceTree = "<group>"; };
		D58D080B1AF8551A00E31640 /* LinePathBulletEffect.swift */ = {isa = PBXFileReference; fileEncoding = 4; lastKnownFileType = sourcecode.swift; path = LinePathBulletEffect.swift; sourceTree = "<group>"; };
		D5C79BC61AF71E07004D2E0F /* pelletBullet.png */ = {isa = PBXFileReference; lastKnownFileType = image.png; path = pelletBullet.png; sourceTree = "<group>"; };
		D5C79BC81AF72034004D2E0F /* BulletManager.swift */ = {isa = PBXFileReference; fileEncoding = 4; lastKnownFileType = sourcecode.swift; path = BulletManager.swift; sourceTree = "<group>"; };
		D5D34A011AFAF6EF001458FF /* Enemy.swift */ = {isa = PBXFileReference; fileEncoding = 4; lastKnownFileType = sourcecode.swift; path = Enemy.swift; sourceTree = "<group>"; };
		D5D34A061AFAFA1C001458FF /* enemy.png */ = {isa = PBXFileReference; lastKnownFileType = image.png; path = enemy.png; sourceTree = "<group>"; };
		D5D34A081AFAFDDB001458FF /* lineBullet.png */ = {isa = PBXFileReference; lastKnownFileType = image.png; path = lineBullet.png; sourceTree = "<group>"; };
		D5E7D0321AF7267F00F67B66 /* TextureBulletEffect.swift */ = {isa = PBXFileReference; fileEncoding = 4; lastKnownFileType = sourcecode.swift; path = TextureBulletEffect.swift; sourceTree = "<group>"; };
		D5E7D0341AF72B0E00F67B66 /* FireDelayBulletEffect.swift */ = {isa = PBXFileReference; fileEncoding = 4; lastKnownFileType = sourcecode.swift; path = FireDelayBulletEffect.swift; sourceTree = "<group>"; };
		D5E7D0361AF72D0700F67B66 /* SpeedBulletEffect.swift */ = {isa = PBXFileReference; fileEncoding = 4; lastKnownFileType = sourcecode.swift; path = SpeedBulletEffect.swift; sourceTree = "<group>"; };
		D5F774751AF69F3700EA2480 /* BattleScene.sks */ = {isa = PBXFileReference; lastKnownFileType = file.sks; path = BattleScene.sks; sourceTree = "<group>"; };
/* End PBXFileReference section */

/* Begin PBXFrameworksBuildPhase section */
		D5404A201AEFE61800F46270 /* Frameworks */ = {
			isa = PBXFrameworksBuildPhase;
			buildActionMask = 2147483647;
			files = (
			);
			runOnlyForDeploymentPostprocessing = 0;
		};
		D5404A391AEFE61800F46270 /* Frameworks */ = {
			isa = PBXFrameworksBuildPhase;
			buildActionMask = 2147483647;
			files = (
			);
			runOnlyForDeploymentPostprocessing = 0;
		};
/* End PBXFrameworksBuildPhase section */

/* Begin PBXGroup section */
		D532F34D1AF25BEB0091661E /* Scenes */ = {
			isa = PBXGroup;
			children = (
				D5404A2C1AEFE61800F46270 /* GameScene.swift */,
				D532F3471AF13FEA0091661E /* TitleScene.swift */,
				D532F34F1AF25C450091661E /* ShopScene.swift */,
				D5F774751AF69F3700EA2480 /* BattleScene.sks */,
			);
			name = Scenes;
			sourceTree = "<group>";
		};
		D532F34E1AF25C170091661E /* Bullets */ = {
			isa = PBXGroup;
			children = (
				D5404A4D1AEFE68B00F46270 /* Gun.swift */,
				D5404A4C1AEFE68B00F46270 /* Bullet.swift */,
				D5814CCF1AF70CF800749B49 /* BulletEffectProtocol.swift */,
				D5814CD11AF70F6F00749B49 /* SplitBulletEffect.swift */,
				D5C79BC81AF72034004D2E0F /* BulletManager.swift */,
				D5E7D0321AF7267F00F67B66 /* TextureBulletEffect.swift */,
				D5E7D0341AF72B0E00F67B66 /* FireDelayBulletEffect.swift */,
				D5E7D0361AF72D0700F67B66 /* SpeedBulletEffect.swift */,
				D58D080B1AF8551A00E31640 /* LinePathBulletEffect.swift */,
				D529F9031AF9A3170093D762 /* StandardSpawnBulletEffect.swift */,
			);
			name = Bullets;
			sourceTree = "<group>";
		};
		D5404A1A1AEFE61800F46270 = {
			isa = PBXGroup;
			children = (
				D5404A251AEFE61800F46270 /* BulletThief */,
				D5404A3F1AEFE61800F46270 /* BulletThiefTests */,
				D5404A241AEFE61800F46270 /* Products */,
			);
			sourceTree = "<group>";
		};
		D5404A241AEFE61800F46270 /* Products */ = {
			isa = PBXGroup;
			children = (
				D5404A231AEFE61800F46270 /* BulletThief.app */,
				D5404A3C1AEFE61800F46270 /* BulletThiefTests.xctest */,
			);
			name = Products;
			sourceTree = "<group>";
		};
		D5404A251AEFE61800F46270 /* BulletThief */ = {
			isa = PBXGroup;
			children = (
				D5814CCE1AF6D62100749B49 /* Control Schemes */,
				D5404A521AEFE68B00F46270 /* PlayerData.swift */,
				D5404A551AEFE68B00F46270 /* Utilities.swift */,
				D5404A2E1AEFE61800F46270 /* GameViewController.swift */,
				D5D34A031AFAF77E001458FF /* Actors */,
				D532F34E1AF25C170091661E /* Bullets */,
				D532F34D1AF25BEB0091661E /* Scenes */,
				D5404A601AEFE69400F46270 /* Images */,
				D5404A261AEFE61800F46270 /* Supporting Files */,
				D5404A281AEFE61800F46270 /* AppDelegate.swift */,
				D5404A301AEFE61800F46270 /* Main.storyboard */,
				D5404A331AEFE61800F46270 /* Images.xcassets */,
				D5404A351AEFE61800F46270 /* LaunchScreen.xib */,
			);
			path = BulletThief;
			sourceTree = "<group>";
		};
		D5404A261AEFE61800F46270 /* Supporting Files */ = {
			isa = PBXGroup;
			children = (
				D5404A271AEFE61800F46270 /* Info.plist */,
			);
			name = "Supporting Files";
			sourceTree = "<group>";
		};
		D5404A3F1AEFE61800F46270 /* BulletThiefTests */ = {
			isa = PBXGroup;
			children = (
				D5404A421AEFE61800F46270 /* BulletThiefTests.swift */,
				D5404A401AEFE61800F46270 /* Supporting Files */,
			);
			path = BulletThiefTests;
			sourceTree = "<group>";
		};
		D5404A401AEFE61800F46270 /* Supporting Files */ = {
			isa = PBXGroup;
			children = (
				D5404A411AEFE61800F46270 /* Info.plist */,
			);
			name = "Supporting Files";
			sourceTree = "<group>";
		};
		D5404A601AEFE69400F46270 /* Images */ = {
			isa = PBXGroup;
			children = (
				D5D34A081AFAFDDB001458FF /* lineBullet.png */,
				D5D34A061AFAFA1C001458FF /* enemy.png */,
				D5C79BC61AF71E07004D2E0F /* pelletBullet.png */,
				D532F34B1AF146890091661E /* titleImage.png */,
				D5404A4F1AEFE68B00F46270 /* leftArrow.png */,
				D5404A501AEFE68B00F46270 /* player.png */,
				D5404A531AEFE68B00F46270 /* rightArrow.png */,
				D5404A541AEFE68B00F46270 /* shootBtn.png */,
			);
			name = Images;
			sourceTree = "<group>";
		};
		D5814CCE1AF6D62100749B49 /* Control Schemes */ = {
			isa = PBXGroup;
			children = (
				D5404A4E1AEFE68B00F46270 /* HudController.swift */,
				D5814CCC1AF6CA7900749B49 /* TapController.swift */,
			);
			name = "Control Schemes";
			sourceTree = "<group>";
		};
		D5D34A031AFAF77E001458FF /* Actors */ = {
			isa = PBXGroup;
			children = (
				D5404A511AEFE68B00F46270 /* Player.swift */,
				D5D34A011AFAF6EF001458FF /* Enemy.swift */,
			);
			name = Actors;
			sourceTree = "<group>";
		};
/* End PBXGroup section */

/* Begin PBXNativeTarget section */
		D5404A221AEFE61800F46270 /* BulletThief */ = {
			isa = PBXNativeTarget;
			buildConfigurationList = D5404A461AEFE61800F46270 /* Build configuration list for PBXNativeTarget "BulletThief" */;
			buildPhases = (
				D5404A1F1AEFE61800F46270 /* Sources */,
				D5404A201AEFE61800F46270 /* Frameworks */,
				D5404A211AEFE61800F46270 /* Resources */,
			);
			buildRules = (
			);
			dependencies = (
			);
			name = BulletThief;
			productName = BulletThief;
			productReference = D5404A231AEFE61800F46270 /* BulletThief.app */;
			productType = "com.apple.product-type.application";
		};
		D5404A3B1AEFE61800F46270 /* BulletThiefTests */ = {
			isa = PBXNativeTarget;
			buildConfigurationList = D5404A491AEFE61800F46270 /* Build configuration list for PBXNativeTarget "BulletThiefTests" */;
			buildPhases = (
				D5404A381AEFE61800F46270 /* Sources */,
				D5404A391AEFE61800F46270 /* Frameworks */,
				D5404A3A1AEFE61800F46270 /* Resources */,
			);
			buildRules = (
			);
			dependencies = (
				D5404A3E1AEFE61800F46270 /* PBXTargetDependency */,
			);
			name = BulletThiefTests;
			productName = BulletThiefTests;
			productReference = D5404A3C1AEFE61800F46270 /* BulletThiefTests.xctest */;
			productType = "com.apple.product-type.bundle.unit-test";
		};
/* End PBXNativeTarget section */

/* Begin PBXProject section */
		D5404A1B1AEFE61800F46270 /* Project object */ = {
			isa = PBXProject;
			attributes = {
				LastUpgradeCheck = 0620;
				ORGANIZATIONNAME = Zachary;
				TargetAttributes = {
					D5404A221AEFE61800F46270 = {
						CreatedOnToolsVersion = 6.2;
					};
					D5404A3B1AEFE61800F46270 = {
						CreatedOnToolsVersion = 6.2;
						TestTargetID = D5404A221AEFE61800F46270;
					};
				};
			};
			buildConfigurationList = D5404A1E1AEFE61800F46270 /* Build configuration list for PBXProject "BulletThief" */;
			compatibilityVersion = "Xcode 3.2";
			developmentRegion = English;
			hasScannedForEncodings = 0;
			knownRegions = (
				en,
				Base,
			);
			mainGroup = D5404A1A1AEFE61800F46270;
			productRefGroup = D5404A241AEFE61800F46270 /* Products */;
			projectDirPath = "";
			projectRoot = "";
			targets = (
				D5404A221AEFE61800F46270 /* BulletThief */,
				D5404A3B1AEFE61800F46270 /* BulletThiefTests */,
			);
		};
/* End PBXProject section */

/* Begin PBXResourcesBuildPhase section */
		D5404A211AEFE61800F46270 /* Resources */ = {
			isa = PBXResourcesBuildPhase;
			buildActionMask = 2147483647;
			files = (
				D5404A371AEFE61800F46270 /* LaunchScreen.xib in Resources */,
				D5D34A091AFAFDDB001458FF /* lineBullet.png in Resources */,
				D5C79BC71AF71E07004D2E0F /* pelletBullet.png in Resources */,
				D5D34A071AFAFA1C001458FF /* enemy.png in Resources */,
				D5404A5A1AEFE68B00F46270 /* player.png in Resources */,
				D5F774761AF69F3700EA2480 /* BattleScene.sks in Resources */,
				D5404A341AEFE61800F46270 /* Images.xcassets in Resources */,
				D5404A591AEFE68B00F46270 /* leftArrow.png in Resources */,
				D5404A5D1AEFE68B00F46270 /* rightArrow.png in Resources */,
				D5404A321AEFE61800F46270 /* Main.storyboard in Resources */,
				D532F34C1AF146890091661E /* titleImage.png in Resources */,
				D5404A5E1AEFE68B00F46270 /* shootBtn.png in Resources */,
			);
			runOnlyForDeploymentPostprocessing = 0;
		};
		D5404A3A1AEFE61800F46270 /* Resources */ = {
			isa = PBXResourcesBuildPhase;
			buildActionMask = 2147483647;
			files = (
			);
			runOnlyForDeploymentPostprocessing = 0;
		};
/* End PBXResourcesBuildPhase section */

/* Begin PBXSourcesBuildPhase section */
		D5404A1F1AEFE61800F46270 /* Sources */ = {
			isa = PBXSourcesBuildPhase;
			buildActionMask = 2147483647;
			files = (
				D5404A2D1AEFE61800F46270 /* GameScene.swift in Sources */,
				D5C79BC91AF72034004D2E0F /* BulletManager.swift in Sources */,
				D532F3501AF25C450091661E /* ShopScene.swift in Sources */,
				D5404A581AEFE68B00F46270 /* HudController.swift in Sources */,
				D5E7D0331AF7267F00F67B66 /* TextureBulletEffect.swift in Sources */,
				D529F9041AF9A3170093D762 /* StandardSpawnBulletEffect.swift in Sources */,
				D5814CCD1AF6CA7900749B49 /* TapController.swift in Sources */,
				D5E7D0351AF72B0E00F67B66 /* FireDelayBulletEffect.swift in Sources */,
				D5404A5C1AEFE68B00F46270 /* PlayerData.swift in Sources */,
				D5814CD21AF70F6F00749B49 /* SplitBulletEffect.swift in Sources */,
				D5404A2F1AEFE61800F46270 /* GameViewController.swift in Sources */,
				D5E7D0371AF72D0700F67B66 /* SpeedBulletEffect.swift in Sources */,
				D5814CD01AF70CF800749B49 /* BulletEffectProtocol.swift in Sources */,
				D5404A291AEFE61800F46270 /* AppDelegate.swift in Sources */,
				D5D34A021AFAF6EF001458FF /* Enemy.swift in Sources */,
				D58D080C1AF8551A00E31640 /* LinePathBulletEffect.swift in Sources */,
				D5404A5B1AEFE68B00F46270 /* Player.swift in Sources */,
				D5404A5F1AEFE68B00F46270 /* Utilities.swift in Sources */,
				D5404A571AEFE68B00F46270 /* Gun.swift in Sources */,
				D5404A561AEFE68B00F46270 /* Bullet.swift in Sources */,
				D532F3481AF13FEA0091661E /* TitleScene.swift in Sources */,
			);
			runOnlyForDeploymentPostprocessing = 0;
		};
		D5404A381AEFE61800F46270 /* Sources */ = {
			isa = PBXSourcesBuildPhase;
			buildActionMask = 2147483647;
			files = (
				D5404A431AEFE61800F46270 /* BulletThiefTests.swift in Sources */,
			);
			runOnlyForDeploymentPostprocessing = 0;
		};
/* End PBXSourcesBuildPhase section */

/* Begin PBXTargetDependency section */
		D5404A3E1AEFE61800F46270 /* PBXTargetDependency */ = {
			isa = PBXTargetDependency;
			target = D5404A221AEFE61800F46270 /* BulletThief */;
			targetProxy = D5404A3D1AEFE61800F46270 /* PBXContainerItemProxy */;
		};
/* End PBXTargetDependency section */

/* Begin PBXVariantGroup section */
		D5404A301AEFE61800F46270 /* Main.storyboard */ = {
			isa = PBXVariantGroup;
			children = (
				D5404A311AEFE61800F46270 /* Base */,
			);
			name = Main.storyboard;
			sourceTree = "<group>";
		};
		D5404A351AEFE61800F46270 /* LaunchScreen.xib */ = {
			isa = PBXVariantGroup;
			children = (
				D5404A361AEFE61800F46270 /* Base */,
			);
			name = LaunchScreen.xib;
			sourceTree = "<group>";
		};
/* End PBXVariantGroup section */

/* Begin XCBuildConfiguration section */
		D5404A441AEFE61800F46270 /* Debug */ = {
			isa = XCBuildConfiguration;
			buildSettings = {
				ALWAYS_SEARCH_USER_PATHS = NO;
				CLANG_CXX_LANGUAGE_STANDARD = "gnu++0x";
				CLANG_CXX_LIBRARY = "libc++";
				CLANG_ENABLE_MODULES = YES;
				CLANG_ENABLE_OBJC_ARC = YES;
				CLANG_WARN_BOOL_CONVERSION = YES;
				CLANG_WARN_CONSTANT_CONVERSION = YES;
				CLANG_WARN_DIRECT_OBJC_ISA_USAGE = YES_ERROR;
				CLANG_WARN_EMPTY_BODY = YES;
				CLANG_WARN_ENUM_CONVERSION = YES;
				CLANG_WARN_INT_CONVERSION = YES;
				CLANG_WARN_OBJC_ROOT_CLASS = YES_ERROR;
				CLANG_WARN_UNREACHABLE_CODE = YES;
				CLANG_WARN__DUPLICATE_METHOD_MATCH = YES;
				"CODE_SIGN_IDENTITY[sdk=iphoneos*]" = "iPhone Developer";
				COPY_PHASE_STRIP = NO;
				ENABLE_STRICT_OBJC_MSGSEND = YES;
				GCC_C_LANGUAGE_STANDARD = gnu99;
				GCC_DYNAMIC_NO_PIC = NO;
				GCC_OPTIMIZATION_LEVEL = 0;
				GCC_PREPROCESSOR_DEFINITIONS = (
					"DEBUG=1",
					"$(inherited)",
				);
				GCC_SYMBOLS_PRIVATE_EXTERN = NO;
				GCC_WARN_64_TO_32_BIT_CONVERSION = YES;
				GCC_WARN_ABOUT_RETURN_TYPE = YES_ERROR;
				GCC_WARN_UNDECLARED_SELECTOR = YES;
				GCC_WARN_UNINITIALIZED_AUTOS = YES_AGGRESSIVE;
				GCC_WARN_UNUSED_FUNCTION = YES;
				GCC_WARN_UNUSED_VARIABLE = YES;
				IPHONEOS_DEPLOYMENT_TARGET = 8.2;
				MTL_ENABLE_DEBUG_INFO = YES;
				ONLY_ACTIVE_ARCH = YES;
				SDKROOT = iphoneos;
				SWIFT_OPTIMIZATION_LEVEL = "-Onone";
			};
			name = Debug;
		};
		D5404A451AEFE61800F46270 /* Release */ = {
			isa = XCBuildConfiguration;
			buildSettings = {
				ALWAYS_SEARCH_USER_PATHS = NO;
				CLANG_CXX_LANGUAGE_STANDARD = "gnu++0x";
				CLANG_CXX_LIBRARY = "libc++";
				CLANG_ENABLE_MODULES = YES;
				CLANG_ENABLE_OBJC_ARC = YES;
				CLANG_WARN_BOOL_CONVERSION = YES;
				CLANG_WARN_CONSTANT_CONVERSION = YES;
				CLANG_WARN_DIRECT_OBJC_ISA_USAGE = YES_ERROR;
				CLANG_WARN_EMPTY_BODY = YES;
				CLANG_WARN_ENUM_CONVERSION = YES;
				CLANG_WARN_INT_CONVERSION = YES;
				CLANG_WARN_OBJC_ROOT_CLASS = YES_ERROR;
				CLANG_WARN_UNREACHABLE_CODE = YES;
				CLANG_WARN__DUPLICATE_METHOD_MATCH = YES;
				"CODE_SIGN_IDENTITY[sdk=iphoneos*]" = "iPhone Developer";
				COPY_PHASE_STRIP = NO;
				ENABLE_NS_ASSERTIONS = NO;
				ENABLE_STRICT_OBJC_MSGSEND = YES;
				GCC_C_LANGUAGE_STANDARD = gnu99;
				GCC_WARN_64_TO_32_BIT_CONVERSION = YES;
				GCC_WARN_ABOUT_RETURN_TYPE = YES_ERROR;
				GCC_WARN_UNDECLARED_SELECTOR = YES;
				GCC_WARN_UNINITIALIZED_AUTOS = YES_AGGRESSIVE;
				GCC_WARN_UNUSED_FUNCTION = YES;
				GCC_WARN_UNUSED_VARIABLE = YES;
				IPHONEOS_DEPLOYMENT_TARGET = 8.2;
				MTL_ENABLE_DEBUG_INFO = NO;
				SDKROOT = iphoneos;
				VALIDATE_PRODUCT = YES;
			};
			name = Release;
		};
		D5404A471AEFE61800F46270 /* Debug */ = {
			isa = XCBuildConfiguration;
			buildSettings = {
				ASSETCATALOG_COMPILER_APPICON_NAME = AppIcon;
				INFOPLIST_FILE = BulletThief/Info.plist;
				IPHONEOS_DEPLOYMENT_TARGET = 8.1;
				LD_RUNPATH_SEARCH_PATHS = "$(inherited) @executable_path/Frameworks";
				PRODUCT_NAME = "$(TARGET_NAME)";
			};
			name = Debug;
		};
		D5404A481AEFE61800F46270 /* Release */ = {
			isa = XCBuildConfiguration;
			buildSettings = {
				ASSETCATALOG_COMPILER_APPICON_NAME = AppIcon;
				INFOPLIST_FILE = BulletThief/Info.plist;
				IPHONEOS_DEPLOYMENT_TARGET = 8.1;
				LD_RUNPATH_SEARCH_PATHS = "$(inherited) @executable_path/Frameworks";
				PRODUCT_NAME = "$(TARGET_NAME)";
			};
			name = Release;
		};
		D5404A4A1AEFE61800F46270 /* Debug */ = {
			isa = XCBuildConfiguration;
			buildSettings = {
				BUNDLE_LOADER = "$(TEST_HOST)";
				FRAMEWORK_SEARCH_PATHS = (
					"$(SDKROOT)/Developer/Library/Frameworks",
					"$(inherited)",
				);
				GCC_PREPROCESSOR_DEFINITIONS = (
					"DEBUG=1",
					"$(inherited)",
				);
				INFOPLIST_FILE = BulletThiefTests/Info.plist;
				LD_RUNPATH_SEARCH_PATHS = "$(inherited) @executable_path/Frameworks @loader_path/Frameworks";
				PRODUCT_NAME = "$(TARGET_NAME)";
				TEST_HOST = "$(BUILT_PRODUCTS_DIR)/BulletThief.app/BulletThief";
			};
			name = Debug;
		};
		D5404A4B1AEFE61800F46270 /* Release */ = {
			isa = XCBuildConfiguration;
			buildSettings = {
				BUNDLE_LOADER = "$(TEST_HOST)";
				FRAMEWORK_SEARCH_PATHS = (
					"$(SDKROOT)/Developer/Library/Frameworks",
					"$(inherited)",
				);
				INFOPLIST_FILE = BulletThiefTests/Info.plist;
				LD_RUNPATH_SEARCH_PATHS = "$(inherited) @executable_path/Frameworks @loader_path/Frameworks";
				PRODUCT_NAME = "$(TARGET_NAME)";
				TEST_HOST = "$(BUILT_PRODUCTS_DIR)/BulletThief.app/BulletThief";
			};
			name = Release;
		};
/* End XCBuildConfiguration section */

/* Begin XCConfigurationList section */
		D5404A1E1AEFE61800F46270 /* Build configuration list for PBXProject "BulletThief" */ = {
			isa = XCConfigurationList;
			buildConfigurations = (
				D5404A441AEFE61800F46270 /* Debug */,
				D5404A451AEFE61800F46270 /* Release */,
			);
			defaultConfigurationIsVisible = 0;
			defaultConfigurationName = Release;
		};
		D5404A461AEFE61800F46270 /* Build configuration list for PBXNativeTarget "BulletThief" */ = {
			isa = XCConfigurationList;
			buildConfigurations = (
				D5404A471AEFE61800F46270 /* Debug */,
				D5404A481AEFE61800F46270 /* Release */,
			);
			defaultConfigurationIsVisible = 0;
			defaultConfigurationName = Release;
		};
		D5404A491AEFE61800F46270 /* Build configuration list for PBXNativeTarget "BulletThiefTests" */ = {
			isa = XCConfigurationList;
			buildConfigurations = (
				D5404A4A1AEFE61800F46270 /* Debug */,
				D5404A4B1AEFE61800F46270 /* Release */,
			);
			defaultConfigurationIsVisible = 0;
			defaultConfigurationName = Release;
		};
/* End XCConfigurationList section */
	};
	rootObject = D5404A1B1AEFE61800F46270 /* Project object */;
}
